
Microsoft Visual Studio Solution File, Format Version 12.00
# Visual Studio 15
VisualStudioVersion = 15.0.26430.16
MinimumVisualStudioVersion = 10.0.40219.1
Project("{2150E333-8FDC-42A3-9474-1A3956D46DE8}") = "neo", "neo", "{3631FBA2-20D4-4FB8-A9DE-99C68B4E5224}"
EndProject
Project("{FAE04EC0-301F-11D3-BF4B-00C04F79EFBC}") = "neo", "src\neo\neo\neo.csproj", "{0C90F759-7A29-4480-BED5-9954F2BC1CDC}"
EndProject
Project("{FAE04EC0-301F-11D3-BF4B-00C04F79EFBC}") = "neo-cli", "src\neo-cli\neo-cli\neo-cli.csproj", "{108F57B9-CE08-489C-A900-8759EF95CAB0}"
EndProject
Project("{2150E333-8FDC-42A3-9474-1A3956D46DE8}") = "compiler", "compiler", "{793097F0-F7BB-4090-806B-D7F388619808}"
EndProject
Project("{FAE04EC0-301F-11D3-BF4B-00C04F79EFBC}") = "neon", "src\neo-compiler\neon\neon.csproj", "{8F728AAE-EA68-4599-831D-11B35B09DC27}"
EndProject
Project("{FAE04EC0-301F-11D3-BF4B-00C04F79EFBC}") = "neoa", "src\neo-compiler\neoa\neoa.csproj", "{7F6E0DBA-1BCF-4372-8801-06AE1A1D4ED8}"
EndProject
Project("{FAE04EC0-301F-11D3-BF4B-00C04F79EFBC}") = "neo-gui", "src\neo-gui\neo-gui\neo-gui.csproj", "{CFC243F0-F4E3-4754-8E21-8BA17E1C1788}"
	ProjectSection(ProjectDependencies) = postProject
		{8553D33E-E0C5-46A2-819C-8513D2229F67} = {8553D33E-E0C5-46A2-819C-8513D2229F67}
	EndProjectSection
EndProject
Project("{2150E333-8FDC-42A3-9474-1A3956D46DE8}") = "core", "core", "{F30D3510-A688-4FC1-863B-709C6540CD70}"
EndProject
Project("{2150E333-8FDC-42A3-9474-1A3956D46DE8}") = "libs", "libs", "{A8CCB2BA-255A-476C-BA35-DDCE0B30315F}"
EndProject
Project("{8BC9CEB8-8B4A-11D0-8D11-00A0C91BC942}") = "leveldb", "src\leveldb\leveldb.vcxproj", "{8553D33E-E0C5-46A2-819C-8513D2229F67}"
EndProject
Project("{2150E333-8FDC-42A3-9474-1A3956D46DE8}") = "tests", "tests", "{306807F6-AC9B-48D5-AB46-CBDF55EE5A65}"
EndProject
Project("{FAE04EC0-301F-11D3-BF4B-00C04F79EFBC}") = "neo-vm", "src\neo-vm\src\neo-vm\neo-vm.csproj", "{69CA7936-9BA6-41A4-84DA-A579868E201A}"
EndProject
Project("{FAE04EC0-301F-11D3-BF4B-00C04F79EFBC}") = "Neo.Compiler.Tests", "src\Neo.Compiler.Tests\Neo.Compiler.Tests.csproj", "{54196489-2918-48D8-B281-B6E4BF268FAD}"
EndProject
Project("{FAE04EC0-301F-11D3-BF4B-00C04F79EFBC}") = "Neo.VM.Tests", "src\Neo.VM.Tests\Neo.VM.Tests.csproj", "{7AA17172-8040-41E9-A6CE-087C6D67CE7F}"
EndProject
Project("{FAE04EC0-301F-11D3-BF4B-00C04F79EFBC}") = "neoj", "src\neo-compiler\neoj\neoj.csproj", "{4E591AC7-3EB0-4178-BAA5-3BE5E8BDE3BF}"
EndProject
Global
	GlobalSection(SolutionConfigurationPlatforms) = preSolution
		Debug_MainNet|Any CPU = Debug_MainNet|Any CPU
		Debug_MainNet|x64 = Debug_MainNet|x64
		Debug_MainNet|x86 = Debug_MainNet|x86
		Debug_TestNet|Any CPU = Debug_TestNet|Any CPU
		Debug_TestNet|x64 = Debug_TestNet|x64
		Debug_TestNet|x86 = Debug_TestNet|x86
		Debug|Any CPU = Debug|Any CPU
		Debug|x64 = Debug|x64
		Debug|x86 = Debug|x86
		Release|Any CPU = Release|Any CPU
		Release|x64 = Release|x64
		Release|x86 = Release|x86
	EndGlobalSection
	GlobalSection(ProjectConfigurationPlatforms) = postSolution
		{0C90F759-7A29-4480-BED5-9954F2BC1CDC}.Debug_MainNet|Any CPU.ActiveCfg = Debug_MainNet|Any CPU
		{0C90F759-7A29-4480-BED5-9954F2BC1CDC}.Debug_MainNet|Any CPU.Build.0 = Debug_MainNet|Any CPU
		{0C90F759-7A29-4480-BED5-9954F2BC1CDC}.Debug_MainNet|x64.ActiveCfg = Debug_MainNet|Any CPU
		{0C90F759-7A29-4480-BED5-9954F2BC1CDC}.Debug_MainNet|x64.Build.0 = Debug_MainNet|Any CPU
		{0C90F759-7A29-4480-BED5-9954F2BC1CDC}.Debug_MainNet|x86.ActiveCfg = Debug_MainNet|Any CPU
		{0C90F759-7A29-4480-BED5-9954F2BC1CDC}.Debug_MainNet|x86.Build.0 = Debug_MainNet|Any CPU
		{0C90F759-7A29-4480-BED5-9954F2BC1CDC}.Debug_TestNet|Any CPU.ActiveCfg = Debug_TestNet|Any CPU
		{0C90F759-7A29-4480-BED5-9954F2BC1CDC}.Debug_TestNet|Any CPU.Build.0 = Debug_TestNet|Any CPU
		{0C90F759-7A29-4480-BED5-9954F2BC1CDC}.Debug_TestNet|x64.ActiveCfg = Debug_TestNet|Any CPU
		{0C90F759-7A29-4480-BED5-9954F2BC1CDC}.Debug_TestNet|x64.Build.0 = Debug_TestNet|Any CPU
		{0C90F759-7A29-4480-BED5-9954F2BC1CDC}.Debug_TestNet|x86.ActiveCfg = Debug_TestNet|Any CPU
		{0C90F759-7A29-4480-BED5-9954F2BC1CDC}.Debug_TestNet|x86.Build.0 = Debug_TestNet|Any CPU
		{0C90F759-7A29-4480-BED5-9954F2BC1CDC}.Debug|Any CPU.ActiveCfg = Debug|Any CPU
		{0C90F759-7A29-4480-BED5-9954F2BC1CDC}.Debug|Any CPU.Build.0 = Debug|Any CPU
		{0C90F759-7A29-4480-BED5-9954F2BC1CDC}.Debug|x64.ActiveCfg = Debug|Any CPU
		{0C90F759-7A29-4480-BED5-9954F2BC1CDC}.Debug|x64.Build.0 = Debug|Any CPU
		{0C90F759-7A29-4480-BED5-9954F2BC1CDC}.Debug|x86.ActiveCfg = Debug|Any CPU
		{0C90F759-7A29-4480-BED5-9954F2BC1CDC}.Debug|x86.Build.0 = Debug|Any CPU
		{0C90F759-7A29-4480-BED5-9954F2BC1CDC}.Release|Any CPU.ActiveCfg = Release|Any CPU
		{0C90F759-7A29-4480-BED5-9954F2BC1CDC}.Release|Any CPU.Build.0 = Release|Any CPU
		{0C90F759-7A29-4480-BED5-9954F2BC1CDC}.Release|x64.ActiveCfg = Release|Any CPU
		{0C90F759-7A29-4480-BED5-9954F2BC1CDC}.Release|x64.Build.0 = Release|Any CPU
		{0C90F759-7A29-4480-BED5-9954F2BC1CDC}.Release|x86.ActiveCfg = Release|Any CPU
		{0C90F759-7A29-4480-BED5-9954F2BC1CDC}.Release|x86.Build.0 = Release|Any CPU
		{108F57B9-CE08-489C-A900-8759EF95CAB0}.Debug_MainNet|Any CPU.ActiveCfg = Debug_MainNet|Any CPU
		{108F57B9-CE08-489C-A900-8759EF95CAB0}.Debug_MainNet|Any CPU.Build.0 = Debug_MainNet|Any CPU
		{108F57B9-CE08-489C-A900-8759EF95CAB0}.Debug_MainNet|x64.ActiveCfg = Debug_MainNet|Any CPU
		{108F57B9-CE08-489C-A900-8759EF95CAB0}.Debug_MainNet|x64.Build.0 = Debug_MainNet|Any CPU
		{108F57B9-CE08-489C-A900-8759EF95CAB0}.Debug_MainNet|x86.ActiveCfg = Debug_MainNet|Any CPU
		{108F57B9-CE08-489C-A900-8759EF95CAB0}.Debug_MainNet|x86.Build.0 = Debug_MainNet|Any CPU
		{108F57B9-CE08-489C-A900-8759EF95CAB0}.Debug_TestNet|Any CPU.ActiveCfg = Debug_TestNet|Any CPU
		{108F57B9-CE08-489C-A900-8759EF95CAB0}.Debug_TestNet|Any CPU.Build.0 = Debug_TestNet|Any CPU
		{108F57B9-CE08-489C-A900-8759EF95CAB0}.Debug_TestNet|x64.ActiveCfg = Debug_TestNet|Any CPU
		{108F57B9-CE08-489C-A900-8759EF95CAB0}.Debug_TestNet|x64.Build.0 = Debug_TestNet|Any CPU
		{108F57B9-CE08-489C-A900-8759EF95CAB0}.Debug_TestNet|x86.ActiveCfg = Debug_TestNet|Any CPU
		{108F57B9-CE08-489C-A900-8759EF95CAB0}.Debug_TestNet|x86.Build.0 = Debug_TestNet|Any CPU
		{108F57B9-CE08-489C-A900-8759EF95CAB0}.Debug|Any CPU.ActiveCfg = Debug|Any CPU
		{108F57B9-CE08-489C-A900-8759EF95CAB0}.Debug|Any CPU.Build.0 = Debug|Any CPU
		{108F57B9-CE08-489C-A900-8759EF95CAB0}.Debug|x64.ActiveCfg = Debug|Any CPU
		{108F57B9-CE08-489C-A900-8759EF95CAB0}.Debug|x64.Build.0 = Debug|Any CPU
		{108F57B9-CE08-489C-A900-8759EF95CAB0}.Debug|x86.ActiveCfg = Debug|Any CPU
		{108F57B9-CE08-489C-A900-8759EF95CAB0}.Debug|x86.Build.0 = Debug|Any CPU
		{108F57B9-CE08-489C-A900-8759EF95CAB0}.Release|Any CPU.ActiveCfg = Release|Any CPU
		{108F57B9-CE08-489C-A900-8759EF95CAB0}.Release|Any CPU.Build.0 = Release|Any CPU
		{108F57B9-CE08-489C-A900-8759EF95CAB0}.Release|x64.ActiveCfg = Release|Any CPU
		{108F57B9-CE08-489C-A900-8759EF95CAB0}.Release|x64.Build.0 = Release|Any CPU
		{108F57B9-CE08-489C-A900-8759EF95CAB0}.Release|x86.ActiveCfg = Release|Any CPU
		{108F57B9-CE08-489C-A900-8759EF95CAB0}.Release|x86.Build.0 = Release|Any CPU
		{8F728AAE-EA68-4599-831D-11B35B09DC27}.Debug_MainNet|Any CPU.ActiveCfg = Debug_MainNet|Any CPU
		{8F728AAE-EA68-4599-831D-11B35B09DC27}.Debug_MainNet|Any CPU.Build.0 = Debug_MainNet|Any CPU
		{8F728AAE-EA68-4599-831D-11B35B09DC27}.Debug_MainNet|x64.ActiveCfg = Debug_MainNet|Any CPU
		{8F728AAE-EA68-4599-831D-11B35B09DC27}.Debug_MainNet|x64.Build.0 = Debug_MainNet|Any CPU
		{8F728AAE-EA68-4599-831D-11B35B09DC27}.Debug_MainNet|x86.ActiveCfg = Debug_MainNet|Any CPU
		{8F728AAE-EA68-4599-831D-11B35B09DC27}.Debug_MainNet|x86.Build.0 = Debug_MainNet|Any CPU
		{8F728AAE-EA68-4599-831D-11B35B09DC27}.Debug_TestNet|Any CPU.ActiveCfg = Debug_TestNet|Any CPU
		{8F728AAE-EA68-4599-831D-11B35B09DC27}.Debug_TestNet|Any CPU.Build.0 = Debug_TestNet|Any CPU
		{8F728AAE-EA68-4599-831D-11B35B09DC27}.Debug_TestNet|x64.ActiveCfg = Debug_TestNet|Any CPU
		{8F728AAE-EA68-4599-831D-11B35B09DC27}.Debug_TestNet|x64.Build.0 = Debug_TestNet|Any CPU
		{8F728AAE-EA68-4599-831D-11B35B09DC27}.Debug_TestNet|x86.ActiveCfg = Debug_TestNet|Any CPU
		{8F728AAE-EA68-4599-831D-11B35B09DC27}.Debug_TestNet|x86.Build.0 = Debug_TestNet|Any CPU
		{8F728AAE-EA68-4599-831D-11B35B09DC27}.Debug|Any CPU.ActiveCfg = Debug|Any CPU
		{8F728AAE-EA68-4599-831D-11B35B09DC27}.Debug|Any CPU.Build.0 = Debug|Any CPU
		{8F728AAE-EA68-4599-831D-11B35B09DC27}.Debug|x64.ActiveCfg = Debug|Any CPU
		{8F728AAE-EA68-4599-831D-11B35B09DC27}.Debug|x64.Build.0 = Debug|Any CPU
		{8F728AAE-EA68-4599-831D-11B35B09DC27}.Debug|x86.ActiveCfg = Debug|Any CPU
		{8F728AAE-EA68-4599-831D-11B35B09DC27}.Debug|x86.Build.0 = Debug|Any CPU
		{8F728AAE-EA68-4599-831D-11B35B09DC27}.Release|Any CPU.ActiveCfg = Release|Any CPU
		{8F728AAE-EA68-4599-831D-11B35B09DC27}.Release|Any CPU.Build.0 = Release|Any CPU
		{8F728AAE-EA68-4599-831D-11B35B09DC27}.Release|x64.ActiveCfg = Release|Any CPU
		{8F728AAE-EA68-4599-831D-11B35B09DC27}.Release|x64.Build.0 = Release|Any CPU
		{8F728AAE-EA68-4599-831D-11B35B09DC27}.Release|x86.ActiveCfg = Release|Any CPU
		{8F728AAE-EA68-4599-831D-11B35B09DC27}.Release|x86.Build.0 = Release|Any CPU
		{7F6E0DBA-1BCF-4372-8801-06AE1A1D4ED8}.Debug_MainNet|Any CPU.ActiveCfg = Debug_MainNet|Any CPU
		{7F6E0DBA-1BCF-4372-8801-06AE1A1D4ED8}.Debug_MainNet|Any CPU.Build.0 = Debug_MainNet|Any CPU
		{7F6E0DBA-1BCF-4372-8801-06AE1A1D4ED8}.Debug_MainNet|x64.ActiveCfg = Debug_MainNet|Any CPU
		{7F6E0DBA-1BCF-4372-8801-06AE1A1D4ED8}.Debug_MainNet|x64.Build.0 = Debug_MainNet|Any CPU
		{7F6E0DBA-1BCF-4372-8801-06AE1A1D4ED8}.Debug_MainNet|x86.ActiveCfg = Debug_MainNet|Any CPU
		{7F6E0DBA-1BCF-4372-8801-06AE1A1D4ED8}.Debug_MainNet|x86.Build.0 = Debug_MainNet|Any CPU
		{7F6E0DBA-1BCF-4372-8801-06AE1A1D4ED8}.Debug_TestNet|Any CPU.ActiveCfg = Debug_TestNet|Any CPU
		{7F6E0DBA-1BCF-4372-8801-06AE1A1D4ED8}.Debug_TestNet|Any CPU.Build.0 = Debug_TestNet|Any CPU
		{7F6E0DBA-1BCF-4372-8801-06AE1A1D4ED8}.Debug_TestNet|x64.ActiveCfg = Debug_TestNet|Any CPU
		{7F6E0DBA-1BCF-4372-8801-06AE1A1D4ED8}.Debug_TestNet|x64.Build.0 = Debug_TestNet|Any CPU
		{7F6E0DBA-1BCF-4372-8801-06AE1A1D4ED8}.Debug_TestNet|x86.ActiveCfg = Debug_TestNet|Any CPU
		{7F6E0DBA-1BCF-4372-8801-06AE1A1D4ED8}.Debug_TestNet|x86.Build.0 = Debug_TestNet|Any CPU
		{7F6E0DBA-1BCF-4372-8801-06AE1A1D4ED8}.Debug|Any CPU.ActiveCfg = Debug|Any CPU
		{7F6E0DBA-1BCF-4372-8801-06AE1A1D4ED8}.Debug|Any CPU.Build.0 = Debug|Any CPU
		{7F6E0DBA-1BCF-4372-8801-06AE1A1D4ED8}.Debug|x64.ActiveCfg = Debug|Any CPU
		{7F6E0DBA-1BCF-4372-8801-06AE1A1D4ED8}.Debug|x64.Build.0 = Debug|Any CPU
		{7F6E0DBA-1BCF-4372-8801-06AE1A1D4ED8}.Debug|x86.ActiveCfg = Debug|Any CPU
		{7F6E0DBA-1BCF-4372-8801-06AE1A1D4ED8}.Debug|x86.Build.0 = Debug|Any CPU
		{7F6E0DBA-1BCF-4372-8801-06AE1A1D4ED8}.Release|Any CPU.ActiveCfg = Release|Any CPU
		{7F6E0DBA-1BCF-4372-8801-06AE1A1D4ED8}.Release|Any CPU.Build.0 = Release|Any CPU
		{7F6E0DBA-1BCF-4372-8801-06AE1A1D4ED8}.Release|x64.ActiveCfg = Release|Any CPU
		{7F6E0DBA-1BCF-4372-8801-06AE1A1D4ED8}.Release|x64.Build.0 = Release|Any CPU
		{7F6E0DBA-1BCF-4372-8801-06AE1A1D4ED8}.Release|x86.ActiveCfg = Release|Any CPU
		{7F6E0DBA-1BCF-4372-8801-06AE1A1D4ED8}.Release|x86.Build.0 = Release|Any CPU
		{CFC243F0-F4E3-4754-8E21-8BA17E1C1788}.Debug_MainNet|Any CPU.ActiveCfg = Debug_MainNet|Any CPU
		{CFC243F0-F4E3-4754-8E21-8BA17E1C1788}.Debug_MainNet|Any CPU.Build.0 = Debug_MainNet|Any CPU
		{CFC243F0-F4E3-4754-8E21-8BA17E1C1788}.Debug_MainNet|x64.ActiveCfg = Debug_MainNet|x64
		{CFC243F0-F4E3-4754-8E21-8BA17E1C1788}.Debug_MainNet|x64.Build.0 = Debug_MainNet|x64
		{CFC243F0-F4E3-4754-8E21-8BA17E1C1788}.Debug_MainNet|x86.ActiveCfg = Debug_MainNet|x86
		{CFC243F0-F4E3-4754-8E21-8BA17E1C1788}.Debug_MainNet|x86.Build.0 = Debug_MainNet|x86
		{CFC243F0-F4E3-4754-8E21-8BA17E1C1788}.Debug_TestNet|Any CPU.ActiveCfg = Debug_TestNet|Any CPU
		{CFC243F0-F4E3-4754-8E21-8BA17E1C1788}.Debug_TestNet|Any CPU.Build.0 = Debug_TestNet|Any CPU
		{CFC243F0-F4E3-4754-8E21-8BA17E1C1788}.Debug_TestNet|x64.ActiveCfg = Debug_TestNet|x64
		{CFC243F0-F4E3-4754-8E21-8BA17E1C1788}.Debug_TestNet|x64.Build.0 = Debug_TestNet|x64
		{CFC243F0-F4E3-4754-8E21-8BA17E1C1788}.Debug_TestNet|x86.ActiveCfg = Debug_TestNet|x86
		{CFC243F0-F4E3-4754-8E21-8BA17E1C1788}.Debug_TestNet|x86.Build.0 = Debug_TestNet|x86
		{CFC243F0-F4E3-4754-8E21-8BA17E1C1788}.Debug|Any CPU.ActiveCfg = Debug|Any CPU
		{CFC243F0-F4E3-4754-8E21-8BA17E1C1788}.Debug|Any CPU.Build.0 = Debug|Any CPU
		{CFC243F0-F4E3-4754-8E21-8BA17E1C1788}.Debug|x64.ActiveCfg = Debug|x64
		{CFC243F0-F4E3-4754-8E21-8BA17E1C1788}.Debug|x64.Build.0 = Debug|x64
		{CFC243F0-F4E3-4754-8E21-8BA17E1C1788}.Debug|x86.ActiveCfg = Debug|x86
		{CFC243F0-F4E3-4754-8E21-8BA17E1C1788}.Debug|x86.Build.0 = Debug|x86
		{CFC243F0-F4E3-4754-8E21-8BA17E1C1788}.Release|Any CPU.ActiveCfg = Release|Any CPU
		{CFC243F0-F4E3-4754-8E21-8BA17E1C1788}.Release|Any CPU.Build.0 = Release|Any CPU
		{CFC243F0-F4E3-4754-8E21-8BA17E1C1788}.Release|x64.ActiveCfg = Release|x64
		{CFC243F0-F4E3-4754-8E21-8BA17E1C1788}.Release|x64.Build.0 = Release|x64
		{CFC243F0-F4E3-4754-8E21-8BA17E1C1788}.Release|x86.ActiveCfg = Release|x86
		{CFC243F0-F4E3-4754-8E21-8BA17E1C1788}.Release|x86.Build.0 = Release|x86
		{8553D33E-E0C5-46A2-819C-8513D2229F67}.Debug_MainNet|Any CPU.ActiveCfg = Debug_MainNet|Win32
		{8553D33E-E0C5-46A2-819C-8513D2229F67}.Debug_MainNet|x64.ActiveCfg = Debug_MainNet|x64
		{8553D33E-E0C5-46A2-819C-8513D2229F67}.Debug_MainNet|x64.Build.0 = Debug_MainNet|x64
		{8553D33E-E0C5-46A2-819C-8513D2229F67}.Debug_MainNet|x86.ActiveCfg = Debug_MainNet|Win32
		{8553D33E-E0C5-46A2-819C-8513D2229F67}.Debug_MainNet|x86.Build.0 = Debug_MainNet|Win32
		{8553D33E-E0C5-46A2-819C-8513D2229F67}.Debug_TestNet|Any CPU.ActiveCfg = Debug_TestNet|Win32
		{8553D33E-E0C5-46A2-819C-8513D2229F67}.Debug_TestNet|x64.ActiveCfg = Debug_TestNet|x64
		{8553D33E-E0C5-46A2-819C-8513D2229F67}.Debug_TestNet|x64.Build.0 = Debug_TestNet|x64
		{8553D33E-E0C5-46A2-819C-8513D2229F67}.Debug_TestNet|x86.ActiveCfg = Debug_TestNet|Win32
		{8553D33E-E0C5-46A2-819C-8513D2229F67}.Debug_TestNet|x86.Build.0 = Debug_TestNet|Win32
		{8553D33E-E0C5-46A2-819C-8513D2229F67}.Debug|Any CPU.ActiveCfg = Debug|Win32
		{8553D33E-E0C5-46A2-819C-8513D2229F67}.Debug|x64.ActiveCfg = Debug|x64
		{8553D33E-E0C5-46A2-819C-8513D2229F67}.Debug|x64.Build.0 = Debug|x64
		{8553D33E-E0C5-46A2-819C-8513D2229F67}.Debug|x86.ActiveCfg = Debug|Win32
		{8553D33E-E0C5-46A2-819C-8513D2229F67}.Debug|x86.Build.0 = Debug|Win32
		{8553D33E-E0C5-46A2-819C-8513D2229F67}.Release|Any CPU.ActiveCfg = Release|Win32
		{8553D33E-E0C5-46A2-819C-8513D2229F67}.Release|x64.ActiveCfg = Release|x64
		{8553D33E-E0C5-46A2-819C-8513D2229F67}.Release|x64.Build.0 = Release|x64
		{8553D33E-E0C5-46A2-819C-8513D2229F67}.Release|x86.ActiveCfg = Release|Win32
		{8553D33E-E0C5-46A2-819C-8513D2229F67}.Release|x86.Build.0 = Release|Win32
		{69CA7936-9BA6-41A4-84DA-A579868E201A}.Debug_MainNet|Any CPU.ActiveCfg = Debug_MainNet|Any CPU
		{69CA7936-9BA6-41A4-84DA-A579868E201A}.Debug_MainNet|Any CPU.Build.0 = Debug_MainNet|Any CPU
		{69CA7936-9BA6-41A4-84DA-A579868E201A}.Debug_MainNet|x64.ActiveCfg = Debug_MainNet|Any CPU
		{69CA7936-9BA6-41A4-84DA-A579868E201A}.Debug_MainNet|x64.Build.0 = Debug_MainNet|Any CPU
		{69CA7936-9BA6-41A4-84DA-A579868E201A}.Debug_MainNet|x86.ActiveCfg = Debug_MainNet|Any CPU
		{69CA7936-9BA6-41A4-84DA-A579868E201A}.Debug_MainNet|x86.Build.0 = Debug_MainNet|Any CPU
		{69CA7936-9BA6-41A4-84DA-A579868E201A}.Debug_TestNet|Any CPU.ActiveCfg = Debug_TestNet|Any CPU
		{69CA7936-9BA6-41A4-84DA-A579868E201A}.Debug_TestNet|Any CPU.Build.0 = Debug_TestNet|Any CPU
		{69CA7936-9BA6-41A4-84DA-A579868E201A}.Debug_TestNet|x64.ActiveCfg = Debug_TestNet|Any CPU
		{69CA7936-9BA6-41A4-84DA-A579868E201A}.Debug_TestNet|x64.Build.0 = Debug_TestNet|Any CPU
		{69CA7936-9BA6-41A4-84DA-A579868E201A}.Debug_TestNet|x86.ActiveCfg = Debug_TestNet|Any CPU
		{69CA7936-9BA6-41A4-84DA-A579868E201A}.Debug_TestNet|x86.Build.0 = Debug_TestNet|Any CPU
		{69CA7936-9BA6-41A4-84DA-A579868E201A}.Debug|Any CPU.ActiveCfg = Debug|Any CPU
		{69CA7936-9BA6-41A4-84DA-A579868E201A}.Debug|Any CPU.Build.0 = Debug|Any CPU
		{69CA7936-9BA6-41A4-84DA-A579868E201A}.Debug|x64.ActiveCfg = Debug|Any CPU
		{69CA7936-9BA6-41A4-84DA-A579868E201A}.Debug|x64.Build.0 = Debug|Any CPU
		{69CA7936-9BA6-41A4-84DA-A579868E201A}.Debug|x86.ActiveCfg = Debug|Any CPU
		{69CA7936-9BA6-41A4-84DA-A579868E201A}.Debug|x86.Build.0 = Debug|Any CPU
		{69CA7936-9BA6-41A4-84DA-A579868E201A}.Release|Any CPU.ActiveCfg = Release|Any CPU
		{69CA7936-9BA6-41A4-84DA-A579868E201A}.Release|Any CPU.Build.0 = Release|Any CPU
		{69CA7936-9BA6-41A4-84DA-A579868E201A}.Release|x64.ActiveCfg = Release|Any CPU
		{69CA7936-9BA6-41A4-84DA-A579868E201A}.Release|x64.Build.0 = Release|Any CPU
		{69CA7936-9BA6-41A4-84DA-A579868E201A}.Release|x86.ActiveCfg = Release|Any CPU
		{69CA7936-9BA6-41A4-84DA-A579868E201A}.Release|x86.Build.0 = Release|Any CPU
		{54196489-2918-48D8-B281-B6E4BF268FAD}.Debug_MainNet|Any CPU.ActiveCfg = Debug_MainNet|Any CPU
		{54196489-2918-48D8-B281-B6E4BF268FAD}.Debug_MainNet|Any CPU.Build.0 = Debug_MainNet|Any CPU
		{54196489-2918-48D8-B281-B6E4BF268FAD}.Debug_MainNet|x64.ActiveCfg = Debug_MainNet|Any CPU
		{54196489-2918-48D8-B281-B6E4BF268FAD}.Debug_MainNet|x64.Build.0 = Debug_MainNet|Any CPU
		{54196489-2918-48D8-B281-B6E4BF268FAD}.Debug_MainNet|x86.ActiveCfg = Debug_MainNet|Any CPU
		{54196489-2918-48D8-B281-B6E4BF268FAD}.Debug_MainNet|x86.Build.0 = Debug_MainNet|Any CPU
		{54196489-2918-48D8-B281-B6E4BF268FAD}.Debug_TestNet|Any CPU.ActiveCfg = Debug_TestNet|Any CPU
		{54196489-2918-48D8-B281-B6E4BF268FAD}.Debug_TestNet|Any CPU.Build.0 = Debug_TestNet|Any CPU
		{54196489-2918-48D8-B281-B6E4BF268FAD}.Debug_TestNet|x64.ActiveCfg = Debug_TestNet|Any CPU
		{54196489-2918-48D8-B281-B6E4BF268FAD}.Debug_TestNet|x64.Build.0 = Debug_TestNet|Any CPU
		{54196489-2918-48D8-B281-B6E4BF268FAD}.Debug_TestNet|x86.ActiveCfg = Debug_TestNet|Any CPU
		{54196489-2918-48D8-B281-B6E4BF268FAD}.Debug_TestNet|x86.Build.0 = Debug_TestNet|Any CPU
		{54196489-2918-48D8-B281-B6E4BF268FAD}.Debug|Any CPU.ActiveCfg = Debug|Any CPU
		{54196489-2918-48D8-B281-B6E4BF268FAD}.Debug|Any CPU.Build.0 = Debug|Any CPU
		{54196489-2918-48D8-B281-B6E4BF268FAD}.Debug|x64.ActiveCfg = Debug|Any CPU
		{54196489-2918-48D8-B281-B6E4BF268FAD}.Debug|x64.Build.0 = Debug|Any CPU
		{54196489-2918-48D8-B281-B6E4BF268FAD}.Debug|x86.ActiveCfg = Debug|Any CPU
		{54196489-2918-48D8-B281-B6E4BF268FAD}.Debug|x86.Build.0 = Debug|Any CPU
		{54196489-2918-48D8-B281-B6E4BF268FAD}.Release|Any CPU.ActiveCfg = Release|Any CPU
		{54196489-2918-48D8-B281-B6E4BF268FAD}.Release|Any CPU.Build.0 = Release|Any CPU
		{54196489-2918-48D8-B281-B6E4BF268FAD}.Release|x64.ActiveCfg = Release|Any CPU
		{54196489-2918-48D8-B281-B6E4BF268FAD}.Release|x64.Build.0 = Release|Any CPU
		{54196489-2918-48D8-B281-B6E4BF268FAD}.Release|x86.ActiveCfg = Release|Any CPU
		{54196489-2918-48D8-B281-B6E4BF268FAD}.Release|x86.Build.0 = Release|Any CPU
		{7AA17172-8040-41E9-A6CE-087C6D67CE7F}.Debug_MainNet|Any CPU.ActiveCfg = Debug_MainNet|Any CPU
		{7AA17172-8040-41E9-A6CE-087C6D67CE7F}.Debug_MainNet|Any CPU.Build.0 = Debug_MainNet|Any CPU
		{7AA17172-8040-41E9-A6CE-087C6D67CE7F}.Debug_MainNet|x64.ActiveCfg = Debug_MainNet|Any CPU
		{7AA17172-8040-41E9-A6CE-087C6D67CE7F}.Debug_MainNet|x64.Build.0 = Debug_MainNet|Any CPU
		{7AA17172-8040-41E9-A6CE-087C6D67CE7F}.Debug_MainNet|x86.ActiveCfg = Debug_MainNet|Any CPU
		{7AA17172-8040-41E9-A6CE-087C6D67CE7F}.Debug_MainNet|x86.Build.0 = Debug_MainNet|Any CPU
		{7AA17172-8040-41E9-A6CE-087C6D67CE7F}.Debug_TestNet|Any CPU.ActiveCfg = Debug_TestNet|Any CPU
		{7AA17172-8040-41E9-A6CE-087C6D67CE7F}.Debug_TestNet|Any CPU.Build.0 = Debug_TestNet|Any CPU
		{7AA17172-8040-41E9-A6CE-087C6D67CE7F}.Debug_TestNet|x64.ActiveCfg = Debug_TestNet|Any CPU
		{7AA17172-8040-41E9-A6CE-087C6D67CE7F}.Debug_TestNet|x64.Build.0 = Debug_TestNet|Any CPU
		{7AA17172-8040-41E9-A6CE-087C6D67CE7F}.Debug_TestNet|x86.ActiveCfg = Debug_TestNet|Any CPU
		{7AA17172-8040-41E9-A6CE-087C6D67CE7F}.Debug_TestNet|x86.Build.0 = Debug_TestNet|Any CPU
		{7AA17172-8040-41E9-A6CE-087C6D67CE7F}.Debug|Any CPU.ActiveCfg = Debug|Any CPU
		{7AA17172-8040-41E9-A6CE-087C6D67CE7F}.Debug|Any CPU.Build.0 = Debug|Any CPU
		{7AA17172-8040-41E9-A6CE-087C6D67CE7F}.Debug|x64.ActiveCfg = Debug|Any CPU
		{7AA17172-8040-41E9-A6CE-087C6D67CE7F}.Debug|x64.Build.0 = Debug|Any CPU
		{7AA17172-8040-41E9-A6CE-087C6D67CE7F}.Debug|x86.ActiveCfg = Debug|Any CPU
		{7AA17172-8040-41E9-A6CE-087C6D67CE7F}.Debug|x86.Build.0 = Debug|Any CPU
		{7AA17172-8040-41E9-A6CE-087C6D67CE7F}.Release|Any CPU.ActiveCfg = Release|Any CPU
		{7AA17172-8040-41E9-A6CE-087C6D67CE7F}.Release|Any CPU.Build.0 = Release|Any CPU
		{7AA17172-8040-41E9-A6CE-087C6D67CE7F}.Release|x64.ActiveCfg = Release|Any CPU
		{7AA17172-8040-41E9-A6CE-087C6D67CE7F}.Release|x64.Build.0 = Release|Any CPU
		{7AA17172-8040-41E9-A6CE-087C6D67CE7F}.Release|x86.ActiveCfg = Release|Any CPU
		{7AA17172-8040-41E9-A6CE-087C6D67CE7F}.Release|x86.Build.0 = Release|Any CPU
		{4E591AC7-3EB0-4178-BAA5-3BE5E8BDE3BF}.Debug_MainNet|Any CPU.ActiveCfg = Release|Any CPU
		{4E591AC7-3EB0-4178-BAA5-3BE5E8BDE3BF}.Debug_MainNet|Any CPU.Build.0 = Release|Any CPU
		{4E591AC7-3EB0-4178-BAA5-3BE5E8BDE3BF}.Debug_MainNet|x64.ActiveCfg = Release|Any CPU
		{4E591AC7-3EB0-4178-BAA5-3BE5E8BDE3BF}.Debug_MainNet|x64.Build.0 = Release|Any CPU
		{4E591AC7-3EB0-4178-BAA5-3BE5E8BDE3BF}.Debug_MainNet|x86.ActiveCfg = Release|Any CPU
		{4E591AC7-3EB0-4178-BAA5-3BE5E8BDE3BF}.Debug_MainNet|x86.Build.0 = Release|Any CPU
		{4E591AC7-3EB0-4178-BAA5-3BE5E8BDE3BF}.Debug_TestNet|Any CPU.ActiveCfg = Release|Any CPU
		{4E591AC7-3EB0-4178-BAA5-3BE5E8BDE3BF}.Debug_TestNet|Any CPU.Build.0 = Release|Any CPU
		{4E591AC7-3EB0-4178-BAA5-3BE5E8BDE3BF}.Debug_TestNet|x64.ActiveCfg = Release|Any CPU
		{4E591AC7-3EB0-4178-BAA5-3BE5E8BDE3BF}.Debug_TestNet|x64.Build.0 = Release|Any CPU
		{4E591AC7-3EB0-4178-BAA5-3BE5E8BDE3BF}.Debug_TestNet|x86.ActiveCfg = Release|Any CPU
		{4E591AC7-3EB0-4178-BAA5-3BE5E8BDE3BF}.Debug_TestNet|x86.Build.0 = Release|Any CPU
		{4E591AC7-3EB0-4178-BAA5-3BE5E8BDE3BF}.Debug|Any CPU.ActiveCfg = Debug|Any CPU
		{4E591AC7-3EB0-4178-BAA5-3BE5E8BDE3BF}.Debug|Any CPU.Build.0 = Debug|Any CPU
		{4E591AC7-3EB0-4178-BAA5-3BE5E8BDE3BF}.Debug|x64.ActiveCfg = Debug|Any CPU
		{4E591AC7-3EB0-4178-BAA5-3BE5E8BDE3BF}.Debug|x64.Build.0 = Debug|Any CPU
		{4E591AC7-3EB0-4178-BAA5-3BE5E8BDE3BF}.Debug|x86.ActiveCfg = Debug|Any CPU
		{4E591AC7-3EB0-4178-BAA5-3BE5E8BDE3BF}.Debug|x86.Build.0 = Debug|Any CPU
		{4E591AC7-3EB0-4178-BAA5-3BE5E8BDE3BF}.Release|Any CPU.ActiveCfg = Release|Any CPU
		{4E591AC7-3EB0-4178-BAA5-3BE5E8BDE3BF}.Release|Any CPU.Build.0 = Release|Any CPU
		{4E591AC7-3EB0-4178-BAA5-3BE5E8BDE3BF}.Release|x64.ActiveCfg = Release|Any CPU
		{4E591AC7-3EB0-4178-BAA5-3BE5E8BDE3BF}.Release|x64.Build.0 = Release|Any CPU
		{4E591AC7-3EB0-4178-BAA5-3BE5E8BDE3BF}.Release|x86.ActiveCfg = Release|Any CPU
		{4E591AC7-3EB0-4178-BAA5-3BE5E8BDE3BF}.Release|x86.Build.0 = Release|Any CPU
	EndGlobalSection
	GlobalSection(SolutionProperties) = preSolution
		HideSolutionNode = FALSE
	EndGlobalSection
	GlobalSection(NestedProjects) = preSolution
		{0C90F759-7A29-4480-BED5-9954F2BC1CDC} = {F30D3510-A688-4FC1-863B-709C6540CD70}
		{108F57B9-CE08-489C-A900-8759EF95CAB0} = {3631FBA2-20D4-4FB8-A9DE-99C68B4E5224}
		{793097F0-F7BB-4090-806B-D7F388619808} = {3631FBA2-20D4-4FB8-A9DE-99C68B4E5224}
		{8F728AAE-EA68-4599-831D-11B35B09DC27} = {793097F0-F7BB-4090-806B-D7F388619808}
		{7F6E0DBA-1BCF-4372-8801-06AE1A1D4ED8} = {793097F0-F7BB-4090-806B-D7F388619808}
		{CFC243F0-F4E3-4754-8E21-8BA17E1C1788} = {3631FBA2-20D4-4FB8-A9DE-99C68B4E5224}
		{F30D3510-A688-4FC1-863B-709C6540CD70} = {3631FBA2-20D4-4FB8-A9DE-99C68B4E5224}
		{A8CCB2BA-255A-476C-BA35-DDCE0B30315F} = {3631FBA2-20D4-4FB8-A9DE-99C68B4E5224}
		{8553D33E-E0C5-46A2-819C-8513D2229F67} = {A8CCB2BA-255A-476C-BA35-DDCE0B30315F}
		{69CA7936-9BA6-41A4-84DA-A579868E201A} = {F30D3510-A688-4FC1-863B-709C6540CD70}
		{54196489-2918-48D8-B281-B6E4BF268FAD} = {306807F6-AC9B-48D5-AB46-CBDF55EE5A65}
		{7AA17172-8040-41E9-A6CE-087C6D67CE7F} = {306807F6-AC9B-48D5-AB46-CBDF55EE5A65}
		{4E591AC7-3EB0-4178-BAA5-3BE5E8BDE3BF} = {793097F0-F7BB-4090-806B-D7F388619808}
	EndGlobalSection
EndGlobal
